
Microsoft Visual Studio Solution File, Format Version 12.00
# Visual Studio Version 17
VisualStudioVersion = 17.2.32519.379
MinimumVisualStudioVersion = 10.0.40219.1
Project("{9A19103F-16F7-4668-BE54-9A1E7A4F7556}") = "test", "test.csproj", "{8D899F70-DF36-42F1-B8B9-930591B5FBCD}"
EndProject
Project("{9A19103F-16F7-4668-BE54-9A1E7A4F7556}") = "egg.SqliteLog", "..\egg.SqliteLog\egg.SqliteLog.csproj", "{AA6FCAC8-FFD2-47E8-877E-FB6C3BEC20A3}"
EndProject
Global
	GlobalSection(SolutionConfigurationPlatforms) = preSolution
		Debug|Any CPU = Debug|Any CPU
		Release|Any CPU = Release|Any CPU
	EndGlobalSection
	GlobalSection(ProjectConfigurationPlatforms) = postSolution
		{8D899F70-DF36-42F1-B8B9-930591B5FBCD}.Debug|Any CPU.ActiveCfg = Debug|Any CPU
		{8D899F70-DF36-42F1-B8B9-930591B5FBCD}.Debug|Any CPU.Build.0 = Debug|Any CPU
		{8D899F70-DF36-42F1-B8B9-930591B5FBCD}.Release|Any CPU.ActiveCfg = Release|Any CPU
		{8D899F70-DF36-42F1-B8B9-930591B5FBCD}.Release|Any CPU.Build.0 = Release|Any CPU
		{AA6FCAC8-FFD2-47E8-877E-FB6C3BEC20A3}.Debug|Any CPU.ActiveCfg = Debug|Any CPU
		{AA6FCAC8-FFD2-47E8-877E-FB6C3BEC20A3}.Debug|Any CPU.Build.0 = Debug|Any CPU
		{AA6FCAC8-FFD2-47E8-877E-FB6C3BEC20A3}.Release|Any CPU.ActiveCfg = Release|Any CPU
		{AA6FCAC8-FFD2-47E8-877E-FB6C3BEC20A3}.Release|Any CPU.Build.0 = Release|Any CPU
	EndGlobalSection
	GlobalSection(SolutionProperties) = preSolution
		HideSolutionNode = FALSE
	EndGlobalSection
	GlobalSection(ExtensibilityGlobals) = postSolution
		SolutionGuid = {F1C6F430-FA88-4DE3-8279-E255A430F9A1}
	EndGlobalSection
EndGlobal
