
Microsoft Visual Studio Solution File, Format Version 12.00
# Visual Studio Version 17
VisualStudioVersion = 17.2.32519.379
MinimumVisualStudioVersion = 10.0.40219.1
Project("{FAE04EC0-301F-11D3-BF4B-00C04F79EFBC}") = "egg.db", "egg.db.csproj", "{B60EC8BF-8046-46D3-90BE-76BE19A97061}"
EndProject
Project("{2150E333-8FDC-42A3-9474-1A3956D46DE8}") = "Solution Items", "Solution Items", "{B8EBC844-6CD3-4107-BA57-056325309E78}"
	ProjectSection(SolutionItems) = preProject
		.editorconfig = .editorconfig
	EndProjectSection
EndProject
Global
	GlobalSection(SolutionConfigurationPlatforms) = preSolution
		Debug|Any CPU = Debug|Any CPU
		Release|Any CPU = Release|Any CPU
	EndGlobalSection
	GlobalSection(ProjectConfigurationPlatforms) = postSolution
		{B60EC8BF-8046-46D3-90BE-76BE19A97061}.Debug|Any CPU.ActiveCfg = Debug|Any CPU
		{B60EC8BF-8046-46D3-90BE-76BE19A97061}.Debug|Any CPU.Build.0 = Debug|Any CPU
		{B60EC8BF-8046-46D3-90BE-76BE19A97061}.Release|Any CPU.ActiveCfg = Release|Any CPU
		{B60EC8BF-8046-46D3-90BE-76BE19A97061}.Release|Any CPU.Build.0 = Release|Any CPU
	EndGlobalSection
	GlobalSection(SolutionProperties) = preSolution
		HideSolutionNode = FALSE
	EndGlobalSection
	GlobalSection(ExtensibilityGlobals) = postSolution
		SolutionGuid = {1002EF60-5D57-47B3-AC35-D8488ABB64A5}
	EndGlobalSection
EndGlobal
