
Microsoft Visual Studio Solution File, Format Version 12.00
# Visual Studio Version 17
VisualStudioVersion = 17.2.32519.379
MinimumVisualStudioVersion = 10.0.40219.1
Project("{FAE04EC0-301F-11D3-BF4B-00C04F79EFBC}") = "egg.CloudDB", "egg.CloudDB.csproj", "{49BE7CB6-3204-43DC-82AC-EDBF8B2219E4}"
EndProject
Global
	GlobalSection(SolutionConfigurationPlatforms) = preSolution
		Debug|Any CPU = Debug|Any CPU
		Release|Any CPU = Release|Any CPU
	EndGlobalSection
	GlobalSection(ProjectConfigurationPlatforms) = postSolution
		{49BE7CB6-3204-43DC-82AC-EDBF8B2219E4}.Debug|Any CPU.ActiveCfg = Debug|Any CPU
		{49BE7CB6-3204-43DC-82AC-EDBF8B2219E4}.Debug|Any CPU.Build.0 = Debug|Any CPU
		{49BE7CB6-3204-43DC-82AC-EDBF8B2219E4}.Release|Any CPU.ActiveCfg = Release|Any CPU
		{49BE7CB6-3204-43DC-82AC-EDBF8B2219E4}.Release|Any CPU.Build.0 = Release|Any CPU
	EndGlobalSection
	GlobalSection(SolutionProperties) = preSolution
		HideSolutionNode = FALSE
	EndGlobalSection
	GlobalSection(ExtensibilityGlobals) = postSolution
		SolutionGuid = {A02E99E4-805D-4B23-BC38-10A6CB380F39}
	EndGlobalSection
EndGlobal
