
Microsoft Visual Studio Solution File, Format Version 12.00
# Visual Studio Version 17
VisualStudioVersion = 17.3.32819.101
MinimumVisualStudioVersion = 10.0.40219.1
Project("{9A19103F-16F7-4668-BE54-9A1E7A4F7556}") = "egg", "egg\egg.csproj", "{4901FDF3-DDF5-4B83-9F5B-34A21EB941F4}"
EndProject
Project("{9A19103F-16F7-4668-BE54-9A1E7A4F7556}") = "test", "test\test.csproj", "{BFE5B558-554B-4B96-A14C-C1FAB466B864}"
EndProject
Project("{9A19103F-16F7-4668-BE54-9A1E7A4F7556}") = "egg.Configure", "egg.Configure\egg.Configure.csproj", "{8F7054EE-990C-478D-B94E-9E306E181578}"
EndProject
Project("{9A19103F-16F7-4668-BE54-9A1E7A4F7556}") = "egg.db", "egg.db\egg.db.csproj", "{86DF1F23-6F47-45E1-A201-BE94DE2824CB}"
EndProject
Project("{9A19103F-16F7-4668-BE54-9A1E7A4F7556}") = "egg.db.Sqlite", "egg.db.Sqlite\egg.db.Sqlite.csproj", "{848C2F99-B4EF-48AA-893E-6707B984E919}"
EndProject
Project("{9A19103F-16F7-4668-BE54-9A1E7A4F7556}") = "egg.SqliteLog", "egg.SqliteLog\egg.SqliteLog.csproj", "{7F8755BF-2EC1-48C4-9B09-D7E2FA3A3A89}"
EndProject
Global
	GlobalSection(SolutionConfigurationPlatforms) = preSolution
		Debug|Any CPU = Debug|Any CPU
		Release|Any CPU = Release|Any CPU
	EndGlobalSection
	GlobalSection(ProjectConfigurationPlatforms) = postSolution
		{4901FDF3-DDF5-4B83-9F5B-34A21EB941F4}.Debug|Any CPU.ActiveCfg = Debug|Any CPU
		{4901FDF3-DDF5-4B83-9F5B-34A21EB941F4}.Debug|Any CPU.Build.0 = Debug|Any CPU
		{4901FDF3-DDF5-4B83-9F5B-34A21EB941F4}.Release|Any CPU.ActiveCfg = Release|Any CPU
		{4901FDF3-DDF5-4B83-9F5B-34A21EB941F4}.Release|Any CPU.Build.0 = Release|Any CPU
		{BFE5B558-554B-4B96-A14C-C1FAB466B864}.Debug|Any CPU.ActiveCfg = Debug|Any CPU
		{BFE5B558-554B-4B96-A14C-C1FAB466B864}.Debug|Any CPU.Build.0 = Debug|Any CPU
		{BFE5B558-554B-4B96-A14C-C1FAB466B864}.Release|Any CPU.ActiveCfg = Release|Any CPU
		{BFE5B558-554B-4B96-A14C-C1FAB466B864}.Release|Any CPU.Build.0 = Release|Any CPU
		{8F7054EE-990C-478D-B94E-9E306E181578}.Debug|Any CPU.ActiveCfg = Debug|Any CPU
		{8F7054EE-990C-478D-B94E-9E306E181578}.Debug|Any CPU.Build.0 = Debug|Any CPU
		{8F7054EE-990C-478D-B94E-9E306E181578}.Release|Any CPU.ActiveCfg = Release|Any CPU
		{8F7054EE-990C-478D-B94E-9E306E181578}.Release|Any CPU.Build.0 = Release|Any CPU
		{86DF1F23-6F47-45E1-A201-BE94DE2824CB}.Debug|Any CPU.ActiveCfg = Debug|Any CPU
		{86DF1F23-6F47-45E1-A201-BE94DE2824CB}.Debug|Any CPU.Build.0 = Debug|Any CPU
		{86DF1F23-6F47-45E1-A201-BE94DE2824CB}.Release|Any CPU.ActiveCfg = Release|Any CPU
		{86DF1F23-6F47-45E1-A201-BE94DE2824CB}.Release|Any CPU.Build.0 = Release|Any CPU
		{848C2F99-B4EF-48AA-893E-6707B984E919}.Debug|Any CPU.ActiveCfg = Debug|Any CPU
		{848C2F99-B4EF-48AA-893E-6707B984E919}.Debug|Any CPU.Build.0 = Debug|Any CPU
		{848C2F99-B4EF-48AA-893E-6707B984E919}.Release|Any CPU.ActiveCfg = Release|Any CPU
		{848C2F99-B4EF-48AA-893E-6707B984E919}.Release|Any CPU.Build.0 = Release|Any CPU
		{7F8755BF-2EC1-48C4-9B09-D7E2FA3A3A89}.Debug|Any CPU.ActiveCfg = Debug|Any CPU
		{7F8755BF-2EC1-48C4-9B09-D7E2FA3A3A89}.Debug|Any CPU.Build.0 = Debug|Any CPU
		{7F8755BF-2EC1-48C4-9B09-D7E2FA3A3A89}.Release|Any CPU.ActiveCfg = Release|Any CPU
		{7F8755BF-2EC1-48C4-9B09-D7E2FA3A3A89}.Release|Any CPU.Build.0 = Release|Any CPU
	EndGlobalSection
	GlobalSection(SolutionProperties) = preSolution
		HideSolutionNode = FALSE
	EndGlobalSection
	GlobalSection(ExtensibilityGlobals) = postSolution
		SolutionGuid = {058E3A5C-C187-4ADA-9424-DF27118B3A21}
	EndGlobalSection
EndGlobal
