
Microsoft Visual Studio Solution File, Format Version 12.00
# Visual Studio Version 16
VisualStudioVersion = 16.0.30717.126
MinimumVisualStudioVersion = 10.0.40219.1
Project("{FAE04EC0-301F-11D3-BF4B-00C04F79EFBC}") = "egg.db.MySql", "egg.db.MySql.csproj", "{93517B82-51E9-48CD-ABBA-5A7D8D6039E7}"
EndProject
Global
	GlobalSection(SolutionConfigurationPlatforms) = preSolution
		Debug|Any CPU = Debug|Any CPU
		Release|Any CPU = Release|Any CPU
	EndGlobalSection
	GlobalSection(ProjectConfigurationPlatforms) = postSolution
		{93517B82-51E9-48CD-ABBA-5A7D8D6039E7}.Debug|Any CPU.ActiveCfg = Debug|Any CPU
		{93517B82-51E9-48CD-ABBA-5A7D8D6039E7}.Debug|Any CPU.Build.0 = Debug|Any CPU
		{93517B82-51E9-48CD-ABBA-5A7D8D6039E7}.Release|Any CPU.ActiveCfg = Release|Any CPU
		{93517B82-51E9-48CD-ABBA-5A7D8D6039E7}.Release|Any CPU.Build.0 = Release|Any CPU
	EndGlobalSection
	GlobalSection(SolutionProperties) = preSolution
		HideSolutionNode = FALSE
	EndGlobalSection
	GlobalSection(ExtensibilityGlobals) = postSolution
		SolutionGuid = {BA8F5DE7-09D6-4DFA-94FA-9D586FE0D888}
	EndGlobalSection
EndGlobal
