
Microsoft Visual Studio Solution File, Format Version 12.00
# Visual Studio Version 17
VisualStudioVersion = 17.2.32519.379
MinimumVisualStudioVersion = 10.0.40219.1
Project("{FAE04EC0-301F-11D3-BF4B-00C04F79EFBC}") = "egg.db.MySql", "egg.db.MySql.csproj", "{94675B7B-0A23-4D8E-8AE8-B3CF5B75B283}"
EndProject
Global
	GlobalSection(SolutionConfigurationPlatforms) = preSolution
		Debug|Any CPU = Debug|Any CPU
		Release|Any CPU = Release|Any CPU
	EndGlobalSection
	GlobalSection(ProjectConfigurationPlatforms) = postSolution
		{94675B7B-0A23-4D8E-8AE8-B3CF5B75B283}.Debug|Any CPU.ActiveCfg = Debug|Any CPU
		{94675B7B-0A23-4D8E-8AE8-B3CF5B75B283}.Debug|Any CPU.Build.0 = Debug|Any CPU
		{94675B7B-0A23-4D8E-8AE8-B3CF5B75B283}.Release|Any CPU.ActiveCfg = Release|Any CPU
		{94675B7B-0A23-4D8E-8AE8-B3CF5B75B283}.Release|Any CPU.Build.0 = Release|Any CPU
	EndGlobalSection
	GlobalSection(SolutionProperties) = preSolution
		HideSolutionNode = FALSE
	EndGlobalSection
	GlobalSection(ExtensibilityGlobals) = postSolution
		SolutionGuid = {BB492333-8BFD-4D1E-A40C-037D49B6A709}
	EndGlobalSection
EndGlobal
