
Microsoft Visual Studio Solution File, Format Version 12.00
# Visual Studio Version 17
VisualStudioVersion = 17.0.31903.59
MinimumVisualStudioVersion = 10.0.40219.1
Project("{FAE04EC0-301F-11D3-BF4B-00C04F79EFBC}") = "egg.Lark.Dll", "egg.Lark.Dll.csproj", "{183D11E5-3674-4F3A-8D8C-9AA65F57108E}"
EndProject
Global
	GlobalSection(SolutionConfigurationPlatforms) = preSolution
		Debug|Any CPU = Debug|Any CPU
		Release|Any CPU = Release|Any CPU
	EndGlobalSection
	GlobalSection(ProjectConfigurationPlatforms) = postSolution
		{183D11E5-3674-4F3A-8D8C-9AA65F57108E}.Debug|Any CPU.ActiveCfg = Debug|Any CPU
		{183D11E5-3674-4F3A-8D8C-9AA65F57108E}.Debug|Any CPU.Build.0 = Debug|Any CPU
		{183D11E5-3674-4F3A-8D8C-9AA65F57108E}.Release|Any CPU.ActiveCfg = Release|Any CPU
		{183D11E5-3674-4F3A-8D8C-9AA65F57108E}.Release|Any CPU.Build.0 = Release|Any CPU
	EndGlobalSection
	GlobalSection(SolutionProperties) = preSolution
		HideSolutionNode = FALSE
	EndGlobalSection
	GlobalSection(ExtensibilityGlobals) = postSolution
		SolutionGuid = {B6E596C8-BB72-4950-A7B6-E392B2F00B57}
	EndGlobalSection
EndGlobal
