
Microsoft Visual Studio Solution File, Format Version 12.00
# Visual Studio Version 16
VisualStudioVersion = 16.0.31702.278
MinimumVisualStudioVersion = 10.0.40219.1
Project("{FAE04EC0-301F-11D3-BF4B-00C04F79EFBC}") = "egg.Lark", "egg.Lark.csproj", "{9722EB65-0612-47E6-A12F-DC853AC6DAB2}"
EndProject
Project("{FAE04EC0-301F-11D3-BF4B-00C04F79EFBC}") = "egg.Lark.Test", "..\egg.Lark.Test\egg.Lark.Test.csproj", "{977F56A4-63B7-492C-AA5E-0A29B7B96299}"
EndProject
Global
	GlobalSection(SolutionConfigurationPlatforms) = preSolution
		Debug|Any CPU = Debug|Any CPU
		Release|Any CPU = Release|Any CPU
	EndGlobalSection
	GlobalSection(ProjectConfigurationPlatforms) = postSolution
		{9722EB65-0612-47E6-A12F-DC853AC6DAB2}.Debug|Any CPU.ActiveCfg = Debug|Any CPU
		{9722EB65-0612-47E6-A12F-DC853AC6DAB2}.Debug|Any CPU.Build.0 = Debug|Any CPU
		{9722EB65-0612-47E6-A12F-DC853AC6DAB2}.Release|Any CPU.ActiveCfg = Release|Any CPU
		{9722EB65-0612-47E6-A12F-DC853AC6DAB2}.Release|Any CPU.Build.0 = Release|Any CPU
		{977F56A4-63B7-492C-AA5E-0A29B7B96299}.Debug|Any CPU.ActiveCfg = Debug|Any CPU
		{977F56A4-63B7-492C-AA5E-0A29B7B96299}.Debug|Any CPU.Build.0 = Debug|Any CPU
		{977F56A4-63B7-492C-AA5E-0A29B7B96299}.Release|Any CPU.ActiveCfg = Release|Any CPU
		{977F56A4-63B7-492C-AA5E-0A29B7B96299}.Release|Any CPU.Build.0 = Release|Any CPU
	EndGlobalSection
	GlobalSection(SolutionProperties) = preSolution
		HideSolutionNode = FALSE
	EndGlobalSection
	GlobalSection(ExtensibilityGlobals) = postSolution
		SolutionGuid = {81CCB444-B008-46D6-AE4A-A06E93D837F0}
	EndGlobalSection
EndGlobal
